
Microsoft Visual Studio Solution File, Format Version 12.00
# Visual Studio 15
VisualStudioVersion = 15.0.27428.2005
MinimumVisualStudioVersion = 10.0.40219.1
Project("{FAE04EC0-301F-11D3-BF4B-00C04F79EFBC}") = "Interfaces", "Interfaces\Interfaces.csproj", "{8CF5A791-C37C-4A78-9721-6023EFE8C465}"
EndProject
Project("{FAE04EC0-301F-11D3-BF4B-00C04F79EFBC}") = "InterfaceTest", "InterfaceTest\InterfaceTest.csproj", "{E203DF1C-1EAA-4435-BD51-8053A753CC3A}"
EndProject
Global
	GlobalSection(SolutionConfigurationPlatforms) = preSolution
		Debug|Any CPU = Debug|Any CPU
		Release|Any CPU = Release|Any CPU
	EndGlobalSection
	GlobalSection(ProjectConfigurationPlatforms) = postSolution
		{8CF5A791-C37C-4A78-9721-6023EFE8C465}.Debug|Any CPU.ActiveCfg = Debug|Any CPU
		{8CF5A791-C37C-4A78-9721-6023EFE8C465}.Debug|Any CPU.Build.0 = Debug|Any CPU
		{8CF5A791-C37C-4A78-9721-6023EFE8C465}.Release|Any CPU.ActiveCfg = Release|Any CPU
		{8CF5A791-C37C-4A78-9721-6023EFE8C465}.Release|Any CPU.Build.0 = Release|Any CPU
		{E203DF1C-1EAA-4435-BD51-8053A753CC3A}.Debug|Any CPU.ActiveCfg = Debug|Any CPU
		{E203DF1C-1EAA-4435-BD51-8053A753CC3A}.Debug|Any CPU.Build.0 = Debug|Any CPU
		{E203DF1C-1EAA-4435-BD51-8053A753CC3A}.Release|Any CPU.ActiveCfg = Release|Any CPU
		{E203DF1C-1EAA-4435-BD51-8053A753CC3A}.Release|Any CPU.Build.0 = Release|Any CPU
	EndGlobalSection
	GlobalSection(SolutionProperties) = preSolution
		HideSolutionNode = FALSE
	EndGlobalSection
	GlobalSection(ExtensibilityGlobals) = postSolution
		SolutionGuid = {D9EA6E00-898B-46A0-9B2F-C10412114E15}
	EndGlobalSection
EndGlobal
